
Microsoft Visual Studio Solution File, Format Version 12.00
# Visual Studio 14
VisualStudioVersion = 14.0.25420.1
MinimumVisualStudioVersion = 10.0.40219.1
Project("{FAE04EC0-301F-11D3-BF4B-00C04F79EFBC}") = "UI.Console", "UI.Console\UI.Console.csproj", "{EB591F9D-86B9-49EE-BF16-ED02F3433276}"
EndProject
Project("{FAE04EC0-301F-11D3-BF4B-00C04F79EFBC}") = "Core", "Core\Core.csproj", "{9DC7EEFC-816D-4917-81AB-1DCFDC2435E0}"
EndProject
Project("{FAE04EC0-301F-11D3-BF4B-00C04F79EFBC}") = "Core.Test", "Core.Test\Core.Test.csproj", "{FF1147E6-7368-43A5-853C-0A5A368B5348}"
EndProject
Project("{FAE04EC0-301F-11D3-BF4B-00C04F79EFBC}") = "UI.Console.Test", "UI.Console.Test\UI.Console.Test.csproj", "{22B810D5-4B7E-4CC0-8306-1B4A6EBEB2EA}"
EndProject
Project("{2150E333-8FDC-42A3-9474-1A3956D46DE8}") = "Solution Items", "Solution Items", "{FEC65C47-47D3-49C0-B358-F79D35B67252}"
	ProjectSection(SolutionItems) = preProject
		.gitignore = .gitignore
	EndProjectSection
EndProject
Project("{FAE04EC0-301F-11D3-BF4B-00C04F79EFBC}") = "Joy", "..\..\JoySharp\Joy\Joy.csproj", "{BF5B58F1-1B39-4734-A3E0-B552A9F31B99}"
EndProject
Project("{2150E333-8FDC-42A3-9474-1A3956D46DE8}") = "Reference", "Reference", "{408BEE1F-BC3E-4452-A3F5-063891AFCCB7}"
EndProject
Project("{FAE04EC0-301F-11D3-BF4B-00C04F79EFBC}") = "Joy.Test", "..\..\JoySharp\Joy.Test\Joy.Test.csproj", "{F0658290-D012-4787-A310-161085DB3B20}"
EndProject
Global
	GlobalSection(SolutionConfigurationPlatforms) = preSolution
		Debug|Any CPU = Debug|Any CPU
		Release|Any CPU = Release|Any CPU
	EndGlobalSection
	GlobalSection(ProjectConfigurationPlatforms) = postSolution
		{EB591F9D-86B9-49EE-BF16-ED02F3433276}.Debug|Any CPU.ActiveCfg = Debug|Any CPU
		{EB591F9D-86B9-49EE-BF16-ED02F3433276}.Debug|Any CPU.Build.0 = Debug|Any CPU
		{EB591F9D-86B9-49EE-BF16-ED02F3433276}.Release|Any CPU.ActiveCfg = Release|Any CPU
		{EB591F9D-86B9-49EE-BF16-ED02F3433276}.Release|Any CPU.Build.0 = Release|Any CPU
		{9DC7EEFC-816D-4917-81AB-1DCFDC2435E0}.Debug|Any CPU.ActiveCfg = Debug|Any CPU
		{9DC7EEFC-816D-4917-81AB-1DCFDC2435E0}.Debug|Any CPU.Build.0 = Debug|Any CPU
		{9DC7EEFC-816D-4917-81AB-1DCFDC2435E0}.Release|Any CPU.ActiveCfg = Release|Any CPU
		{9DC7EEFC-816D-4917-81AB-1DCFDC2435E0}.Release|Any CPU.Build.0 = Release|Any CPU
		{FF1147E6-7368-43A5-853C-0A5A368B5348}.Debug|Any CPU.ActiveCfg = Debug|Any CPU
		{FF1147E6-7368-43A5-853C-0A5A368B5348}.Debug|Any CPU.Build.0 = Debug|Any CPU
		{FF1147E6-7368-43A5-853C-0A5A368B5348}.Release|Any CPU.ActiveCfg = Release|Any CPU
		{FF1147E6-7368-43A5-853C-0A5A368B5348}.Release|Any CPU.Build.0 = Release|Any CPU
		{22B810D5-4B7E-4CC0-8306-1B4A6EBEB2EA}.Debug|Any CPU.ActiveCfg = Debug|Any CPU
		{22B810D5-4B7E-4CC0-8306-1B4A6EBEB2EA}.Debug|Any CPU.Build.0 = Debug|Any CPU
		{22B810D5-4B7E-4CC0-8306-1B4A6EBEB2EA}.Release|Any CPU.ActiveCfg = Release|Any CPU
		{22B810D5-4B7E-4CC0-8306-1B4A6EBEB2EA}.Release|Any CPU.Build.0 = Release|Any CPU
		{BF5B58F1-1B39-4734-A3E0-B552A9F31B99}.Debug|Any CPU.ActiveCfg = Debug|Any CPU
		{BF5B58F1-1B39-4734-A3E0-B552A9F31B99}.Debug|Any CPU.Build.0 = Debug|Any CPU
		{BF5B58F1-1B39-4734-A3E0-B552A9F31B99}.Release|Any CPU.ActiveCfg = Release|Any CPU
		{BF5B58F1-1B39-4734-A3E0-B552A9F31B99}.Release|Any CPU.Build.0 = Release|Any CPU
		{F0658290-D012-4787-A310-161085DB3B20}.Debug|Any CPU.ActiveCfg = Debug|Any CPU
		{F0658290-D012-4787-A310-161085DB3B20}.Debug|Any CPU.Build.0 = Debug|Any CPU
		{F0658290-D012-4787-A310-161085DB3B20}.Release|Any CPU.ActiveCfg = Release|Any CPU
		{F0658290-D012-4787-A310-161085DB3B20}.Release|Any CPU.Build.0 = Release|Any CPU
	EndGlobalSection
	GlobalSection(SolutionProperties) = preSolution
		HideSolutionNode = FALSE
	EndGlobalSection
	GlobalSection(NestedProjects) = preSolution
		{BF5B58F1-1B39-4734-A3E0-B552A9F31B99} = {408BEE1F-BC3E-4452-A3F5-063891AFCCB7}
		{F0658290-D012-4787-A310-161085DB3B20} = {408BEE1F-BC3E-4452-A3F5-063891AFCCB7}
	EndGlobalSection
EndGlobal
